
Microsoft Visual Studio Solution File, Format Version 12.00
# Visual Studio Version 17
VisualStudioVersion = 17.0.31903.59
MinimumVisualStudioVersion = 10.0.40219.1
Project("{2150E333-8FDC-42A3-9474-1A3956D46DE8}") = "src", "src", "{B50AEDB5-CE0E-461E-9529-334CC4F5EBEE}"
EndProject
Project("{FAE04EC0-301F-11D3-BF4B-00C04F79EFBC}") = "ConstructionEstimator.Core", "src\ConstructionEstimator.Core\ConstructionEstimator.Core.csproj", "{D1B4B828-E23B-4A0D-96DC-FD864642C0D8}"
EndProject
Project("{FAE04EC0-301F-11D3-BF4B-00C04F79EFBC}") = "ConstructionEstimator.Data", "src\ConstructionEstimator.Data\ConstructionEstimator.Data.csproj", "{96F376ED-CB9E-4379-BFF1-BF92B93EC264}"
EndProject
Project("{FAE04EC0-301F-11D3-BF4B-00C04F79EFBC}") = "ConstructionEstimator.Services", "src\ConstructionEstimator.Services\ConstructionEstimator.Services.csproj", "{C30D30A7-1582-4C27-922D-180215EC83E1}"
EndProject
Project("{FAE04EC0-301F-11D3-BF4B-00C04F79EFBC}") = "ConstructionEstimator.Reports", "src\ConstructionEstimator.Reports\ConstructionEstimator.Reports.csproj", "{1A02A089-4D2E-4A78-8DE7-FD0BDCA45C51}"
EndProject
Project("{2150E333-8FDC-42A3-9474-1A3956D46DE8}") = "tests", "tests", "{A0A36D8E-CE73-4882-B977-B7F1247D7AA6}"
EndProject
Project("{FAE04EC0-301F-11D3-BF4B-00C04F79EFBC}") = "ConstructionEstimator.Tests.Unit", "tests\ConstructionEstimator.Tests.Unit\ConstructionEstimator.Tests.Unit.csproj", "{B31CBE6D-5E2F-4569-A344-9B4C2D833D59}"
EndProject
Project("{FAE04EC0-301F-11D3-BF4B-00C04F79EFBC}") = "ConstructionEstimator.Console", "src\ConstructionEstimator.Console\ConstructionEstimator.Console.csproj", "{44D86559-367A-4BDA-B0BC-E675EA4B1D49}"
EndProject
Global
	GlobalSection(SolutionConfigurationPlatforms) = preSolution
		Debug|Any CPU = Debug|Any CPU
		Release|Any CPU = Release|Any CPU
	EndGlobalSection
	GlobalSection(SolutionProperties) = preSolution
		HideSolutionNode = FALSE
	EndGlobalSection
	GlobalSection(ProjectConfigurationPlatforms) = postSolution
		{D1B4B828-E23B-4A0D-96DC-FD864642C0D8}.Debug|Any CPU.ActiveCfg = Debug|Any CPU
		{D1B4B828-E23B-4A0D-96DC-FD864642C0D8}.Debug|Any CPU.Build.0 = Debug|Any CPU
		{D1B4B828-E23B-4A0D-96DC-FD864642C0D8}.Release|Any CPU.ActiveCfg = Release|Any CPU
		{D1B4B828-E23B-4A0D-96DC-FD864642C0D8}.Release|Any CPU.Build.0 = Release|Any CPU
		{96F376ED-CB9E-4379-BFF1-BF92B93EC264}.Debug|Any CPU.ActiveCfg = Debug|Any CPU
		{96F376ED-CB9E-4379-BFF1-BF92B93EC264}.Debug|Any CPU.Build.0 = Debug|Any CPU
		{96F376ED-CB9E-4379-BFF1-BF92B93EC264}.Release|Any CPU.ActiveCfg = Release|Any CPU
		{96F376ED-CB9E-4379-BFF1-BF92B93EC264}.Release|Any CPU.Build.0 = Release|Any CPU
		{C30D30A7-1582-4C27-922D-180215EC83E1}.Debug|Any CPU.ActiveCfg = Debug|Any CPU
		{C30D30A7-1582-4C27-922D-180215EC83E1}.Debug|Any CPU.Build.0 = Debug|Any CPU
		{C30D30A7-1582-4C27-922D-180215EC83E1}.Release|Any CPU.ActiveCfg = Release|Any CPU
		{C30D30A7-1582-4C27-922D-180215EC83E1}.Release|Any CPU.Build.0 = Release|Any CPU
		{1A02A089-4D2E-4A78-8DE7-FD0BDCA45C51}.Debug|Any CPU.ActiveCfg = Debug|Any CPU
		{1A02A089-4D2E-4A78-8DE7-FD0BDCA45C51}.Debug|Any CPU.Build.0 = Debug|Any CPU
		{1A02A089-4D2E-4A78-8DE7-FD0BDCA45C51}.Release|Any CPU.ActiveCfg = Release|Any CPU
		{1A02A089-4D2E-4A78-8DE7-FD0BDCA45C51}.Release|Any CPU.Build.0 = Release|Any CPU
		{B31CBE6D-5E2F-4569-A344-9B4C2D833D59}.Debug|Any CPU.ActiveCfg = Debug|Any CPU
		{B31CBE6D-5E2F-4569-A344-9B4C2D833D59}.Debug|Any CPU.Build.0 = Debug|Any CPU
		{B31CBE6D-5E2F-4569-A344-9B4C2D833D59}.Release|Any CPU.ActiveCfg = Release|Any CPU
		{B31CBE6D-5E2F-4569-A344-9B4C2D833D59}.Release|Any CPU.Build.0 = Release|Any CPU
		{44D86559-367A-4BDA-B0BC-E675EA4B1D49}.Debug|Any CPU.ActiveCfg = Debug|Any CPU
		{44D86559-367A-4BDA-B0BC-E675EA4B1D49}.Debug|Any CPU.Build.0 = Debug|Any CPU
		{44D86559-367A-4BDA-B0BC-E675EA4B1D49}.Release|Any CPU.ActiveCfg = Release|Any CPU
		{44D86559-367A-4BDA-B0BC-E675EA4B1D49}.Release|Any CPU.Build.0 = Release|Any CPU
	EndGlobalSection
	GlobalSection(NestedProjects) = preSolution
		{D1B4B828-E23B-4A0D-96DC-FD864642C0D8} = {B50AEDB5-CE0E-461E-9529-334CC4F5EBEE}
		{96F376ED-CB9E-4379-BFF1-BF92B93EC264} = {B50AEDB5-CE0E-461E-9529-334CC4F5EBEE}
		{C30D30A7-1582-4C27-922D-180215EC83E1} = {B50AEDB5-CE0E-461E-9529-334CC4F5EBEE}
		{1A02A089-4D2E-4A78-8DE7-FD0BDCA45C51} = {B50AEDB5-CE0E-461E-9529-334CC4F5EBEE}
		{B31CBE6D-5E2F-4569-A344-9B4C2D833D59} = {A0A36D8E-CE73-4882-B977-B7F1247D7AA6}
		{44D86559-367A-4BDA-B0BC-E675EA4B1D49} = {B50AEDB5-CE0E-461E-9529-334CC4F5EBEE}
	EndGlobalSection
EndGlobal
